
Microsoft Visual Studio Solution File, Format Version 12.00
# Visual Studio Version 17
VisualStudioVersion = 17.7.34009.444
MinimumVisualStudioVersion = 10.0.40219.1
Project("{FAE04EC0-301F-11D3-BF4B-00C04F79EFBC}") = "RC5Lib", "RC5Lib\RC5Lib.csproj", "{CA1A7C26-78CD-4447-96D6-751F8DD58204}"
EndProject
Project("{FAE04EC0-301F-11D3-BF4B-00C04F79EFBC}") = "Debugger", "Debugger\Debugger.csproj", "{E50D4AB5-6CE8-445F-B39F-97E065A2719F}"
EndProject
Global
	GlobalSection(SolutionConfigurationPlatforms) = preSolution
		Debug|Any CPU = Debug|Any CPU
		Release|Any CPU = Release|Any CPU
	EndGlobalSection
	GlobalSection(ProjectConfigurationPlatforms) = postSolution
		{CA1A7C26-78CD-4447-96D6-751F8DD58204}.Debug|Any CPU.ActiveCfg = Release|Any CPU
		{CA1A7C26-78CD-4447-96D6-751F8DD58204}.Debug|Any CPU.Build.0 = Release|Any CPU
		{CA1A7C26-78CD-4447-96D6-751F8DD58204}.Release|Any CPU.ActiveCfg = Release|Any CPU
		{CA1A7C26-78CD-4447-96D6-751F8DD58204}.Release|Any CPU.Build.0 = Release|Any CPU
		{E50D4AB5-6CE8-445F-B39F-97E065A2719F}.Debug|Any CPU.ActiveCfg = Debug|Any CPU
		{E50D4AB5-6CE8-445F-B39F-97E065A2719F}.Debug|Any CPU.Build.0 = Debug|Any CPU
		{E50D4AB5-6CE8-445F-B39F-97E065A2719F}.Release|Any CPU.ActiveCfg = Release|Any CPU
	EndGlobalSection
	GlobalSection(SolutionProperties) = preSolution
		HideSolutionNode = FALSE
	EndGlobalSection
	GlobalSection(ExtensibilityGlobals) = postSolution
		SolutionGuid = {BC44CB12-1145-4111-9FFB-07739AFAE25B}
	EndGlobalSection
EndGlobal
